
Microsoft Visual Studio Solution File, Format Version 12.00
# Visual Studio Version 17
VisualStudioVersion = 17.13.35825.156 d17.13
MinimumVisualStudioVersion = 10.0.40219.1
Project("{FAE04EC0-301F-11D3-BF4B-00C04F79EFBC}") = "HandyPresentationHelper", "WpfApp\HandyPresentationHelper.csproj", "{47B1F620-4DAF-4718-31DF-81E0511F1A43}"
EndProject
Global
	GlobalSection(SolutionConfigurationPlatforms) = preSolution
		Debug|Any CPU = Debug|Any CPU
		Release|Any CPU = Release|Any CPU
	EndGlobalSection
	GlobalSection(ProjectConfigurationPlatforms) = postSolution
		{47B1F620-4DAF-4718-31DF-81E0511F1A43}.Debug|Any CPU.ActiveCfg = Debug|Any CPU
		{47B1F620-4DAF-4718-31DF-81E0511F1A43}.Debug|Any CPU.Build.0 = Debug|Any CPU
		{47B1F620-4DAF-4718-31DF-81E0511F1A43}.Release|Any CPU.ActiveCfg = Release|Any CPU
		{47B1F620-4DAF-4718-31DF-81E0511F1A43}.Release|Any CPU.Build.0 = Release|Any CPU
	EndGlobalSection
	GlobalSection(SolutionProperties) = preSolution
		HideSolutionNode = FALSE
	EndGlobalSection
	GlobalSection(ExtensibilityGlobals) = postSolution
		SolutionGuid = {65D798EC-0043-4383-AC7D-9305E018EB98}
	EndGlobalSection
EndGlobal
